
Microsoft Visual Studio Solution File, Format Version 12.00
# Visual Studio Version 16
VisualStudioVersion = 16.0.30413.136
MinimumVisualStudioVersion = 10.0.40219.1
Project("{FAE04EC0-301F-11D3-BF4B-00C04F79EFBC}") = "GsbGestionClotureService", "GsbGestionClotureService\GsbGestionClotureService.csproj", "{2447F133-681F-4A7C-9248-33CB0E755D75}"
EndProject
Project("{FAE04EC0-301F-11D3-BF4B-00C04F79EFBC}") = "GsbGestionClotureService.Tests", "GsbGestionClotureService.Tests\GsbGestionClotureService.Tests.csproj", "{3F338D99-91EE-43A4-AE55-B933400D209F}"
EndProject
Global
	GlobalSection(SolutionConfigurationPlatforms) = preSolution
		Debug|Any CPU = Debug|Any CPU
		Release|Any CPU = Release|Any CPU
	EndGlobalSection
	GlobalSection(ProjectConfigurationPlatforms) = postSolution
		{2447F133-681F-4A7C-9248-33CB0E755D75}.Debug|Any CPU.ActiveCfg = Debug|Any CPU
		{2447F133-681F-4A7C-9248-33CB0E755D75}.Debug|Any CPU.Build.0 = Debug|Any CPU
		{2447F133-681F-4A7C-9248-33CB0E755D75}.Release|Any CPU.ActiveCfg = Release|Any CPU
		{2447F133-681F-4A7C-9248-33CB0E755D75}.Release|Any CPU.Build.0 = Release|Any CPU
		{3F338D99-91EE-43A4-AE55-B933400D209F}.Debug|Any CPU.ActiveCfg = Debug|Any CPU
		{3F338D99-91EE-43A4-AE55-B933400D209F}.Debug|Any CPU.Build.0 = Debug|Any CPU
		{3F338D99-91EE-43A4-AE55-B933400D209F}.Release|Any CPU.ActiveCfg = Release|Any CPU
		{3F338D99-91EE-43A4-AE55-B933400D209F}.Release|Any CPU.Build.0 = Release|Any CPU
	EndGlobalSection
	GlobalSection(SolutionProperties) = preSolution
		HideSolutionNode = FALSE
	EndGlobalSection
	GlobalSection(ExtensibilityGlobals) = postSolution
		SolutionGuid = {6875D6DB-CBF9-4030-ACC6-38180C1B2DED}
	EndGlobalSection
EndGlobal
